
Microsoft Visual Studio Solution File, Format Version 12.00
# Visual Studio Version 17
VisualStudioVersion = 17.4.33213.308
MinimumVisualStudioVersion = 10.0.40219.1
Project("{9A19103F-16F7-4668-BE54-9A1E7A4F7556}") = "StudentInfo", "StudentInfo.csproj", "{438A1A57-7D26-4B6F-8DAF-7B1A9C9D2722}"
EndProject
Global
	GlobalSection(SolutionConfigurationPlatforms) = preSolution
		Debug|Any CPU = Debug|Any CPU
		Release|Any CPU = Release|Any CPU
	EndGlobalSection
	GlobalSection(ProjectConfigurationPlatforms) = postSolution
		{438A1A57-7D26-4B6F-8DAF-7B1A9C9D2722}.Debug|Any CPU.ActiveCfg = Debug|Any CPU
		{438A1A57-7D26-4B6F-8DAF-7B1A9C9D2722}.Debug|Any CPU.Build.0 = Debug|Any CPU
		{438A1A57-7D26-4B6F-8DAF-7B1A9C9D2722}.Release|Any CPU.ActiveCfg = Release|Any CPU
		{438A1A57-7D26-4B6F-8DAF-7B1A9C9D2722}.Release|Any CPU.Build.0 = Release|Any CPU
	EndGlobalSection
	GlobalSection(SolutionProperties) = preSolution
		HideSolutionNode = FALSE
	EndGlobalSection
	GlobalSection(ExtensibilityGlobals) = postSolution
		SolutionGuid = {A04A12BC-E6ED-441E-A783-DD4251B1763B}
	EndGlobalSection
EndGlobal
